
Microsoft Visual Studio Solution File, Format Version 12.00
# Visual Studio Version 17
VisualStudioVersion = 17.5.002.0
MinimumVisualStudioVersion = 10.0.40219.1
Project("{9A19103F-16F7-4668-BE54-9A1E7A4F7556}") = "Depot.Kiosk", "Depot.Kiosk.csproj", "{D0161A34-CE88-474C-947C-01C5AFEEBA31}"
EndProject
Global
	GlobalSection(SolutionConfigurationPlatforms) = preSolution
		Debug|Any CPU = Debug|Any CPU
		Release|Any CPU = Release|Any CPU
	EndGlobalSection
	GlobalSection(ProjectConfigurationPlatforms) = postSolution
		{D0161A34-CE88-474C-947C-01C5AFEEBA31}.Debug|Any CPU.ActiveCfg = Debug|Any CPU
		{D0161A34-CE88-474C-947C-01C5AFEEBA31}.Debug|Any CPU.Build.0 = Debug|Any CPU
		{D0161A34-CE88-474C-947C-01C5AFEEBA31}.Release|Any CPU.ActiveCfg = Release|Any CPU
		{D0161A34-CE88-474C-947C-01C5AFEEBA31}.Release|Any CPU.Build.0 = Release|Any CPU
	EndGlobalSection
	GlobalSection(SolutionProperties) = preSolution
		HideSolutionNode = FALSE
	EndGlobalSection
	GlobalSection(ExtensibilityGlobals) = postSolution
		SolutionGuid = {8D5BC88B-AA07-4F14-9CB9-90074962C600}
	EndGlobalSection
EndGlobal
